
Microsoft Visual Studio Solution File, Format Version 12.00
# Visual Studio 15
VisualStudioVersion = 15.0.28307.329
MinimumVisualStudioVersion = 10.0.40219.1
Project("{FAE04EC0-301F-11D3-BF4B-00C04F79EFBC}") = "UnitTestProjecttest", "UnitTestProjecttest\UnitTestProjecttest.csproj", "{22A309F0-3E26-4FA9-B116-D4AFE5C22267}"
EndProject
Global
	GlobalSection(SolutionConfigurationPlatforms) = preSolution
		Debug|Any CPU = Debug|Any CPU
		Release|Any CPU = Release|Any CPU
	EndGlobalSection
	GlobalSection(ProjectConfigurationPlatforms) = postSolution
		{22A309F0-3E26-4FA9-B116-D4AFE5C22267}.Debug|Any CPU.ActiveCfg = Debug|Any CPU
		{22A309F0-3E26-4FA9-B116-D4AFE5C22267}.Debug|Any CPU.Build.0 = Debug|Any CPU
		{22A309F0-3E26-4FA9-B116-D4AFE5C22267}.Release|Any CPU.ActiveCfg = Release|Any CPU
		{22A309F0-3E26-4FA9-B116-D4AFE5C22267}.Release|Any CPU.Build.0 = Release|Any CPU
	EndGlobalSection
	GlobalSection(SolutionProperties) = preSolution
		HideSolutionNode = FALSE
	EndGlobalSection
	GlobalSection(ExtensibilityGlobals) = postSolution
		SolutionGuid = {C8E91972-CC56-4AFC-B0EB-7D907A3EF98B}
	EndGlobalSection
EndGlobal
